{
  "requires": true,
  "lockfileVersion": 1,
  "dependencies": {
    "nativescript-geolocation": {
      "version": "5.1.0",
      "resolved": "https://registry.npmjs.org/nativescript-geolocation/-/nativescript-geolocation-5.1.0.tgz",
      "integrity": "sha512-1TOmcNRXydfO3hCgO/xQdbzbG3oczcw71beRxheFcQISA4KQtCSc0lf3tuVZjxY3jX8rJHnr46AZVPTi+wvz+Q==",
      "requires": {
        "nativescript-permissions": "~1.3.0"
      }
    },
    "nativescript-permissions": {
      "version": "1.3.8",
      "resolved": "https://registry.npmjs.org/nativescript-permissions/-/nativescript-permissions-1.3.8.tgz",
      "integrity": "sha512-jB5U/WbCRPZ2N4ho8WC7OsEi+UtbbpIBZ9OyLzNIUixr/ODdTeTgxXzGT3CUHyKBqYm9MrIADdNzCGbFaUo+KA=="
    }
  }
}
